
Microsoft Visual Studio Solution File, Format Version 12.00
# Visual Studio 15
VisualStudioVersion = 15.0.27130.2027
MinimumVisualStudioVersion = 10.0.40219.1
Project("{F14B399A-7131-4C87-9E4B-1186C45EF12D}") = "sekila_ssrs", "sekila_ssrs\sekila_ssrs.rptproj", "{35AA9998-365D-4646-A0D6-469E5F70A8E7}"
EndProject
Global
	GlobalSection(SolutionConfigurationPlatforms) = preSolution
		Debug|Default = Debug|Default
		DebugLocal|Default = DebugLocal|Default
		Release|Default = Release|Default
	EndGlobalSection
	GlobalSection(ProjectConfigurationPlatforms) = postSolution
		{35AA9998-365D-4646-A0D6-469E5F70A8E7}.Debug|Default.ActiveCfg = Debug
		{35AA9998-365D-4646-A0D6-469E5F70A8E7}.Debug|Default.Build.0 = Debug
		{35AA9998-365D-4646-A0D6-469E5F70A8E7}.Debug|Default.Deploy.0 = Debug
		{35AA9998-365D-4646-A0D6-469E5F70A8E7}.DebugLocal|Default.ActiveCfg = DebugLocal
		{35AA9998-365D-4646-A0D6-469E5F70A8E7}.DebugLocal|Default.Build.0 = DebugLocal
		{35AA9998-365D-4646-A0D6-469E5F70A8E7}.Release|Default.ActiveCfg = Release
		{35AA9998-365D-4646-A0D6-469E5F70A8E7}.Release|Default.Build.0 = Release
		{35AA9998-365D-4646-A0D6-469E5F70A8E7}.Release|Default.Deploy.0 = Release
	EndGlobalSection
	GlobalSection(SolutionProperties) = preSolution
		HideSolutionNode = FALSE
	EndGlobalSection
	GlobalSection(ExtensibilityGlobals) = postSolution
		SolutionGuid = {1B1C4EFB-D6AD-4B22-8C62-136DD81B21B2}
	EndGlobalSection
EndGlobal
